
Microsoft Visual Studio Solution File, Format Version 12.00
# Visual Studio 15
VisualStudioVersion = 15.0.27130.2027
MinimumVisualStudioVersion = 10.0.40219.1
Project("{FAE04EC0-301F-11D3-BF4B-00C04F79EFBC}") = "GoogeDistanceConsoleApp", "GoogeDistanceConsoleApp\GoogeDistanceConsoleApp.csproj", "{CDDD7782-19E2-4F34-8F76-87F4534DB6BB}"
EndProject
Global
	GlobalSection(SolutionConfigurationPlatforms) = preSolution
		Debug|Any CPU = Debug|Any CPU
		Release|Any CPU = Release|Any CPU
	EndGlobalSection
	GlobalSection(ProjectConfigurationPlatforms) = postSolution
		{CDDD7782-19E2-4F34-8F76-87F4534DB6BB}.Debug|Any CPU.ActiveCfg = Debug|Any CPU
		{CDDD7782-19E2-4F34-8F76-87F4534DB6BB}.Debug|Any CPU.Build.0 = Debug|Any CPU
		{CDDD7782-19E2-4F34-8F76-87F4534DB6BB}.Release|Any CPU.ActiveCfg = Release|Any CPU
		{CDDD7782-19E2-4F34-8F76-87F4534DB6BB}.Release|Any CPU.Build.0 = Release|Any CPU
	EndGlobalSection
	GlobalSection(SolutionProperties) = preSolution
		HideSolutionNode = FALSE
	EndGlobalSection
	GlobalSection(ExtensibilityGlobals) = postSolution
		SolutionGuid = {ED3A2F70-E724-4365-B72A-7F227EEFB249}
	EndGlobalSection
EndGlobal
